// !$*UTF8*$!
{
	archiveVersion = 1;
	classes = {
	};
	objectVersion = 50;
	objects = {

/* Begin PBXBuildFile section */
		1F682A0F20AD6A130090C917 /* AppDelegate.swift in Sources */ = {isa = PBXBuildFile; fileRef = 1F682A0E20AD6A130090C917 /* AppDelegate.swift */; };
		1F682A1120AD6A130090C917 /* ImageTableViewCell.swift in Sources */ = {isa = PBXBuildFile; fileRef = 1F682A1020AD6A130090C917 /* ImageTableViewCell.swift */; };
		1F682A1420AD6A130090C917 /* Main.storyboard in Resources */ = {isa = PBXBuildFile; fileRef = 1F682A1220AD6A130090C917 /* Main.storyboard */; };
		1F682A1620AD6A140090C917 /* Assets.xcassets in Resources */ = {isa = PBXBuildFile; fileRef = 1F682A1520AD6A140090C917 /* Assets.xcassets */; };
		1F682A1920AD6A140090C917 /* LaunchScreen.storyboard in Resources */ = {isa = PBXBuildFile; fileRef = 1F682A1720AD6A140090C917 /* LaunchScreen.storyboard */; };
		1F682A2120AD6A300090C917 /* TableViewController.swift in Sources */ = {isa = PBXBuildFile; fileRef = 1F682A2020AD6A300090C917 /* TableViewController.swift */; };
		1FDFEC2020BD49F7007C4BEC /* VideoCellTableViewCell.swift in Sources */ = {isa = PBXBuildFile; fileRef = 1FDFEC1F20BD49F6007C4BEC /* VideoCellTableViewCell.swift */; };
		1FDFEC2220BD4A0A007C4BEC /* VideoPlayerView.swift in Sources */ = {isa = PBXBuildFile; fileRef = 1FDFEC2120BD4A09007C4BEC /* VideoPlayerView.swift */; };
		1FDFEC2420BD4A3C007C4BEC /* VideoPlayerViewController.swift in Sources */ = {isa = PBXBuildFile; fileRef = 1FDFEC2320BD4A3C007C4BEC /* VideoPlayerViewController.swift */; };
		61A71D0A20B2BF3400FEAF1B /* PhotoManager.swift in Sources */ = {isa = PBXBuildFile; fileRef = 61A71D0920B2BF3400FEAF1B /* PhotoManager.swift */; };
/* End PBXBuildFile section */

/* Begin PBXFileReference section */
		1F682A0B20AD6A130090C917 /* TableViewComtrollerDemo.app */ = {isa = PBXFileReference; explicitFileType = wrapper.application; includeInIndex = 0; path = TableViewComtrollerDemo.app; sourceTree = BUILT_PRODUCTS_DIR; };
		1F682A0E20AD6A130090C917 /* AppDelegate.swift */ = {isa = PBXFileReference; lastKnownFileType = sourcecode.swift; path = AppDelegate.swift; sourceTree = "<group>"; };
		1F682A1020AD6A130090C917 /* ImageTableViewCell.swift */ = {isa = PBXFileReference; lastKnownFileType = sourcecode.swift; path = ImageTableViewCell.swift; sourceTree = "<group>"; };
		1F682A1320AD6A130090C917 /* Base */ = {isa = PBXFileReference; lastKnownFileType = file.storyboard; name = Base; path = Base.lproj/Main.storyboard; sourceTree = "<group>"; };
		1F682A1520AD6A140090C917 /* Assets.xcassets */ = {isa = PBXFileReference; lastKnownFileType = folder.assetcatalog; path = Assets.xcassets; sourceTree = "<group>"; };
		1F682A1820AD6A140090C917 /* Base */ = {isa = PBXFileReference; lastKnownFileType = file.storyboard; name = Base; path = Base.lproj/LaunchScreen.storyboard; sourceTree = "<group>"; };
		1F682A1A20AD6A140090C917 /* Info.plist */ = {isa = PBXFileReference; lastKnownFileType = text.plist.xml; path = Info.plist; sourceTree = "<group>"; };
		1F682A2020AD6A300090C917 /* TableViewController.swift */ = {isa = PBXFileReference; lastKnownFileType = sourcecode.swift; path = TableViewController.swift; sourceTree = "<group>"; };
		1FDFEC1F20BD49F6007C4BEC /* VideoCellTableViewCell.swift */ = {isa = PBXFileReference; fileEncoding = 4; lastKnownFileType = sourcecode.swift; path = VideoCellTableViewCell.swift; sourceTree = "<group>"; };
		1FDFEC2120BD4A09007C4BEC /* VideoPlayerView.swift */ = {isa = PBXFileReference; fileEncoding = 4; lastKnownFileType = sourcecode.swift; path = VideoPlayerView.swift; sourceTree = "<group>"; };
		1FDFEC2320BD4A3C007C4BEC /* VideoPlayerViewController.swift */ = {isa = PBXFileReference; fileEncoding = 4; lastKnownFileType = sourcecode.swift; path = VideoPlayerViewController.swift; sourceTree = "<group>"; };
		61A71D0920B2BF3400FEAF1B /* PhotoManager.swift */ = {isa = PBXFileReference; lastKnownFileType = sourcecode.swift; path = PhotoManager.swift; sourceTree = "<group>"; };
/* End PBXFileReference section */

/* Begin PBXFrameworksBuildPhase section */
		1F682A0820AD6A130090C917 /* Frameworks */ = {
			isa = PBXFrameworksBuildPhase;
			buildActionMask = 2147483647;
			files = (
			);
			runOnlyForDeploymentPostprocessing = 0;
		};
/* End PBXFrameworksBuildPhase section */

/* Begin PBXGroup section */
		1F682A0220AD6A130090C917 = {
			isa = PBXGroup;
			children = (
				1F682A0D20AD6A130090C917 /* TableViewComtrollerDemo */,
				1F682A0C20AD6A130090C917 /* Products */,
			);
			sourceTree = "<group>";
		};
		1F682A0C20AD6A130090C917 /* Products */ = {
			isa = PBXGroup;
			children = (
				1F682A0B20AD6A130090C917 /* TableViewComtrollerDemo.app */,
			);
			name = Products;
			sourceTree = "<group>";
		};
		1F682A0D20AD6A130090C917 /* TableViewComtrollerDemo */ = {
			isa = PBXGroup;
			children = (
				1F682A0E20AD6A130090C917 /* AppDelegate.swift */,
				1F682A1020AD6A130090C917 /* ImageTableViewCell.swift */,
				1F682A2020AD6A300090C917 /* TableViewController.swift */,
				1F682A1220AD6A130090C917 /* Main.storyboard */,
				61A71D0920B2BF3400FEAF1B /* PhotoManager.swift */,
				1F682A1520AD6A140090C917 /* Assets.xcassets */,
				1FDFEC1F20BD49F6007C4BEC /* VideoCellTableViewCell.swift */,
				1FDFEC2120BD4A09007C4BEC /* VideoPlayerView.swift */,
				1FDFEC2320BD4A3C007C4BEC /* VideoPlayerViewController.swift */,
				1F682A1720AD6A140090C917 /* LaunchScreen.storyboard */,
				1F682A1A20AD6A140090C917 /* Info.plist */,
			);
			path = TableViewComtrollerDemo;
			sourceTree = "<group>";
		};
/* End PBXGroup section */

/* Begin PBXNativeTarget section */
		1F682A0A20AD6A130090C917 /* TableViewComtrollerDemo */ = {
			isa = PBXNativeTarget;
			buildConfigurationList = 1F682A1D20AD6A140090C917 /* Build configuration list for PBXNativeTarget "TableViewComtrollerDemo" */;
			buildPhases = (
				1F682A0720AD6A130090C917 /* Sources */,
				1F682A0820AD6A130090C917 /* Frameworks */,
				1F682A0920AD6A130090C917 /* Resources */,
			);
			buildRules = (
			);
			dependencies = (
			);
			name = TableViewComtrollerDemo;
			productName = TableViewComtrollerDemo;
			productReference = 1F682A0B20AD6A130090C917 /* TableViewComtrollerDemo.app */;
			productType = "com.apple.product-type.application";
		};
/* End PBXNativeTarget section */

/* Begin PBXProject section */
		1F682A0320AD6A130090C917 /* Project object */ = {
			isa = PBXProject;
			attributes = {
				LastSwiftUpdateCheck = 0930;
				LastUpgradeCheck = 0930;
				ORGANIZATIONNAME = "Kirill Lukyanov";
				TargetAttributes = {
					1F682A0A20AD6A130090C917 = {
						CreatedOnToolsVersion = 9.3.1;
					};
				};
			};
			buildConfigurationList = 1F682A0620AD6A130090C917 /* Build configuration list for PBXProject "TableViewComtrollerDemo" */;
			compatibilityVersion = "Xcode 9.3";
			developmentRegion = en;
			hasScannedForEncodings = 0;
			knownRegions = (
				en,
				Base,
			);
			mainGroup = 1F682A0220AD6A130090C917;
			productRefGroup = 1F682A0C20AD6A130090C917 /* Products */;
			projectDirPath = "";
			projectRoot = "";
			targets = (
				1F682A0A20AD6A130090C917 /* TableViewComtrollerDemo */,
			);
		};
/* End PBXProject section */

/* Begin PBXResourcesBuildPhase section */
		1F682A0920AD6A130090C917 /* Resources */ = {
			isa = PBXResourcesBuildPhase;
			buildActionMask = 2147483647;
			files = (
				1F682A1920AD6A140090C917 /* LaunchScreen.storyboard in Resources */,
				1F682A1620AD6A140090C917 /* Assets.xcassets in Resources */,
				1F682A1420AD6A130090C917 /* Main.storyboard in Resources */,
			);
			runOnlyForDeploymentPostprocessing = 0;
		};
/* End PBXResourcesBuildPhase section */

/* Begin PBXSourcesBuildPhase section */
		1F682A0720AD6A130090C917 /* Sources */ = {
			isa = PBXSourcesBuildPhase;
			buildActionMask = 2147483647;
			files = (
				1F682A1120AD6A130090C917 /* ImageTableViewCell.swift in Sources */,
				1F682A2120AD6A300090C917 /* TableViewController.swift in Sources */,
				61A71D0A20B2BF3400FEAF1B /* PhotoManager.swift in Sources */,
				1FDFEC2420BD4A3C007C4BEC /* VideoPlayerViewController.swift in Sources */,
				1F682A0F20AD6A130090C917 /* AppDelegate.swift in Sources */,
				1FDFEC2020BD49F7007C4BEC /* VideoCellTableViewCell.swift in Sources */,
				1FDFEC2220BD4A0A007C4BEC /* VideoPlayerView.swift in Sources */,
			);
			runOnlyForDeploymentPostprocessing = 0;
		};
/* End PBXSourcesBuildPhase section */

/* Begin PBXVariantGroup section */
		1F682A1220AD6A130090C917 /* Main.storyboard */ = {
			isa = PBXVariantGroup;
			children = (
				1F682A1320AD6A130090C917 /* Base */,
			);
			name = Main.storyboard;
			sourceTree = "<group>";
		};
		1F682A1720AD6A140090C917 /* LaunchScreen.storyboard */ = {
			isa = PBXVariantGroup;
			children = (
				1F682A1820AD6A140090C917 /* Base */,
			);
			name = LaunchScreen.storyboard;
			sourceTree = "<group>";
		};
/* End PBXVariantGroup section */

/* Begin XCBuildConfiguration section */
		1F682A1B20AD6A140090C917 /* Debug */ = {
			isa = XCBuildConfiguration;
			buildSettings = {
				ALWAYS_SEARCH_USER_PATHS = NO;
				CLANG_ANALYZER_NONNULL = YES;
				CLANG_ANALYZER_NUMBER_OBJECT_CONVERSION = YES_AGGRESSIVE;
				CLANG_CXX_LANGUAGE_STANDARD = "gnu++14";
				CLANG_CXX_LIBRARY = "libc++";
				CLANG_ENABLE_MODULES = YES;
				CLANG_ENABLE_OBJC_ARC = YES;
				CLANG_ENABLE_OBJC_WEAK = YES;
				CLANG_WARN_BLOCK_CAPTURE_AUTORELEASING = YES;
				CLANG_WARN_BOOL_CONVERSION = YES;
				CLANG_WARN_COMMA = YES;
				CLANG_WARN_CONSTANT_CONVERSION = YES;
				CLANG_WARN_DEPRECATED_OBJC_IMPLEMENTATIONS = YES;
				CLANG_WARN_DIRECT_OBJC_ISA_USAGE = YES_ERROR;
				CLANG_WARN_DOCUMENTATION_COMMENTS = YES;
				CLANG_WARN_EMPTY_BODY = YES;
				CLANG_WARN_ENUM_CONVERSION = YES;
				CLANG_WARN_INFINITE_RECURSION = YES;
				CLANG_WARN_INT_CONVERSION = YES;
				CLANG_WARN_NON_LITERAL_NULL_CONVERSION = YES;
				CLANG_WARN_OBJC_IMPLICIT_RETAIN_SELF = YES;
				CLANG_WARN_OBJC_LITERAL_CONVERSION = YES;
				CLANG_WARN_OBJC_ROOT_CLASS = YES_ERROR;
				CLANG_WARN_RANGE_LOOP_ANALYSIS = YES;
				CLANG_WARN_STRICT_PROTOTYPES = YES;
				CLANG_WARN_SUSPICIOUS_MOVE = YES;
				CLANG_WARN_UNGUARDED_AVAILABILITY = YES_AGGRESSIVE;
				CLANG_WARN_UNREACHABLE_CODE = YES;
				CLANG_WARN__DUPLICATE_METHOD_MATCH = YES;
				CODE_SIGN_IDENTITY = "iPhone Developer";
				COPY_PHASE_STRIP = NO;
				DEBUG_INFORMATION_FORMAT = dwarf;
				ENABLE_STRICT_OBJC_MSGSEND = YES;
				ENABLE_TESTABILITY = YES;
				GCC_C_LANGUAGE_STANDARD = gnu11;
				GCC_DYNAMIC_NO_PIC = NO;
				GCC_NO_COMMON_BLOCKS = YES;
				GCC_OPTIMIZATION_LEVEL = 0;
				GCC_PREPROCESSOR_DEFINITIONS = (
					"DEBUG=1",
					"$(inherited)",
				);
				GCC_WARN_64_TO_32_BIT_CONVERSION = YES;
				GCC_WARN_ABOUT_RETURN_TYPE = YES_ERROR;
				GCC_WARN_UNDECLARED_SELECTOR = YES;
				GCC_WARN_UNINITIALIZED_AUTOS = YES_AGGRESSIVE;
				GCC_WARN_UNUSED_FUNCTION = YES;
				GCC_WARN_UNUSED_VARIABLE = YES;
				IPHONEOS_DEPLOYMENT_TARGET = 11.0;
				MTL_ENABLE_DEBUG_INFO = YES;
				ONLY_ACTIVE_ARCH = YES;
				SDKROOT = iphoneos;
				SWIFT_ACTIVE_COMPILATION_CONDITIONS = DEBUG;
				SWIFT_OPTIMIZATION_LEVEL = "-Onone";
			};
			name = Debug;
		};
		1F682A1C20AD6A140090C917 /* Release */ = {
			isa = XCBuildConfiguration;
			buildSettings = {
				ALWAYS_SEARCH_USER_PATHS = NO;
				CLANG_ANALYZER_NONNULL = YES;
				CLANG_ANALYZER_NUMBER_OBJECT_CONVERSION = YES_AGGRESSIVE;
				CLANG_CXX_LANGUAGE_STANDARD = "gnu++14";
				CLANG_CXX_LIBRARY = "libc++";
				CLANG_ENABLE_MODULES = YES;
				CLANG_ENABLE_OBJC_ARC = YES;
				CLANG_ENABLE_OBJC_WEAK = YES;
				CLANG_WARN_BLOCK_CAPTURE_AUTORELEASING = YES;
				CLANG_WARN_BOOL_CONVERSION = YES;
				CLANG_WARN_COMMA = YES;
				CLANG_WARN_CONSTANT_CONVERSION = YES;
				CLANG_WARN_DEPRECATED_OBJC_IMPLEMENTATIONS = YES;
				CLANG_WARN_DIRECT_OBJC_ISA_USAGE = YES_ERROR;
				CLANG_WARN_DOCUMENTATION_COMMENTS = YES;
				CLANG_WARN_EMPTY_BODY = YES;
				CLANG_WARN_ENUM_CONVERSION = YES;
				CLANG_WARN_INFINITE_RECURSION = YES;
				CLANG_WARN_INT_CONVERSION = YES;
				CLANG_WARN_NON_LITERAL_NULL_CONVERSION = YES;
				CLANG_WARN_OBJC_IMPLICIT_RETAIN_SELF = YES;
				CLANG_WARN_OBJC_LITERAL_CONVERSION = YES;
				CLANG_WARN_OBJC_ROOT_CLASS = YES_ERROR;
				CLANG_WARN_RANGE_LOOP_ANALYSIS = YES;
				CLANG_WARN_STRICT_PROTOTYPES = YES;
				CLANG_WARN_SUSPICIOUS_MOVE = YES;
				CLANG_WARN_UNGUARDED_AVAILABILITY = YES_AGGRESSIVE;
				CLANG_WARN_UNREACHABLE_CODE = YES;
				CLANG_WARN__DUPLICATE_METHOD_MATCH = YES;
				CODE_SIGN_IDENTITY = "iPhone Developer";
				COPY_PHASE_STRIP = NO;
				DEBUG_INFORMATION_FORMAT = "dwarf-with-dsym";
				ENABLE_NS_ASSERTIONS = NO;
				ENABLE_STRICT_OBJC_MSGSEND = YES;
				GCC_C_LANGUAGE_STANDARD = gnu11;
				GCC_NO_COMMON_BLOCKS = YES;
				GCC_WARN_64_TO_32_BIT_CONVERSION = YES;
				GCC_WARN_ABOUT_RETURN_TYPE = YES_ERROR;
				GCC_WARN_UNDECLARED_SELECTOR = YES;
				GCC_WARN_UNINITIALIZED_AUTOS = YES_AGGRESSIVE;
				GCC_WARN_UNUSED_FUNCTION = YES;
				GCC_WARN_UNUSED_VARIABLE = YES;
				IPHONEOS_DEPLOYMENT_TARGET = 11.0;
				MTL_ENABLE_DEBUG_INFO = NO;
				SDKROOT = iphoneos;
				SWIFT_COMPILATION_MODE = wholemodule;
				SWIFT_OPTIMIZATION_LEVEL = "-O";
				VALIDATE_PRODUCT = YES;
			};
			name = Release;
		};
		1F682A1E20AD6A140090C917 /* Debug */ = {
			isa = XCBuildConfiguration;
			buildSettings = {
				ASSETCATALOG_COMPILER_APPICON_NAME = AppIcon;
				CODE_SIGN_STYLE = Automatic;
				DEVELOPMENT_TEAM = 257R75DVT3;
				INFOPLIST_FILE = TableViewComtrollerDemo/Info.plist;
				LD_RUNPATH_SEARCH_PATHS = (
					"$(inherited)",
					"@executable_path/Frameworks",
				);
				PRODUCT_BUNDLE_IDENTIFIER = home.TableViewComtrollerDemo;
				PRODUCT_NAME = "$(TARGET_NAME)";
				SWIFT_VERSION = 4.0;
				TARGETED_DEVICE_FAMILY = "1,2";
			};
			name = Debug;
		};
		1F682A1F20AD6A140090C917 /* Release */ = {
			isa = XCBuildConfiguration;
			buildSettings = {
				ASSETCATALOG_COMPILER_APPICON_NAME = AppIcon;
				CODE_SIGN_STYLE = Automatic;
				DEVELOPMENT_TEAM = 257R75DVT3;
				INFOPLIST_FILE = TableViewComtrollerDemo/Info.plist;
				LD_RUNPATH_SEARCH_PATHS = (
					"$(inherited)",
					"@executable_path/Frameworks",
				);
				PRODUCT_BUNDLE_IDENTIFIER = home.TableViewComtrollerDemo;
				PRODUCT_NAME = "$(TARGET_NAME)";
				SWIFT_VERSION = 4.0;
				TARGETED_DEVICE_FAMILY = "1,2";
			};
			name = Release;
		};
/* End XCBuildConfiguration section */

/* Begin XCConfigurationList section */
		1F682A0620AD6A130090C917 /* Build configuration list for PBXProject "TableViewComtrollerDemo" */ = {
			isa = XCConfigurationList;
			buildConfigurations = (
				1F682A1B20AD6A140090C917 /* Debug */,
				1F682A1C20AD6A140090C917 /* Release */,
			);
			defaultConfigurationIsVisible = 0;
			defaultConfigurationName = Release;
		};
		1F682A1D20AD6A140090C917 /* Build configuration list for PBXNativeTarget "TableViewComtrollerDemo" */ = {
			isa = XCConfigurationList;
			buildConfigurations = (
				1F682A1E20AD6A140090C917 /* Debug */,
				1F682A1F20AD6A140090C917 /* Release */,
			);
			defaultConfigurationIsVisible = 0;
			defaultConfigurationName = Release;
		};
/* End XCConfigurationList section */
	};
	rootObject = 1F682A0320AD6A130090C917 /* Project object */;
}
